<?xml version="1.0" encoding="utf-8"?>
<Project ToolsVersion="4.0" xmlns="http://schemas.microsoft.com/developer/msbuild/2003">
  <ItemGroup>
    <Filter Include="Source files">
      <UniqueIdentifier>{6c0895b3-74da-4091-957b-ff722576c5ca}</UniqueIdentifier>
      <Extensions>cpp;c;cc;cxx;def;odl;idl;hpj;bat;asm;asmx</Extensions>
    </Filter>
    <Filter Include="Header files">
      <UniqueIdentifier>{7384fb9f-dd19-46d7-8fce-c1f555470255}</UniqueIdentifier>
      <Extensions>h;hpp;hxx;hm;inl;inc;xsd</Extensions>
    </Filter>
    <Filter Include="Resource files">
      <UniqueIdentifier>{86f06025-ecd0-4c6d-82ad-25b909f0c0e8}</UniqueIdentifier>
      <Extensions>rc;ico;cur;bmp;dlg;rc2;rct;bin;rgs;gif;jpg;jpeg;jpe;resx;tiff;tif;png;wav</Extensions>
    </Filter>
    <Filter Include="Make files">
      <UniqueIdentifier>{0efbd864-1e90-459b-98ea-263f16267c46}</UniqueIdentifier>
    </Filter>
    <Filter Include="VisualGDB settings">
      <UniqueIdentifier>{23278232-c53c-47d0-8ddb-a2e44b0928bf}</UniqueIdentifier>
    </Filter>
  </ItemGroup>
  <ItemGroup>
    <None Include="debug.mak">
      <Filter>Make files</Filter>
    </None>
    <None Include="release.mak">
      <Filter>Make files</Filter>
    </None>
    <None Include="beehive-Debug.vgdbsettings">
      <Filter>VisualGDB settings</Filter>
    </None>
    <None Include="beehive-Release.vgdbsettings">
      <Filter>VisualGDB settings</Filter>
    </None>
  </ItemGroup>
  <ItemGroup>
    <None Include="Makefile" />
  </ItemGroup>
  <ItemGroup>
    <ClCompile Include="main.cpp">
      <Filter>Source files</Filter>
    </ClCompile>
    <ClCompile Include="Initializer.cpp">
      <Filter>Source files</Filter>
    </ClCompile>
    <ClCompile Include="Note.cpp">
      <Filter>Source files</Filter>
    </ClCompile>
    <ClCompile Include="Calender.cpp">
      <Filter>Source files</Filter>
    </ClCompile>
    <ClCompile Include="Day.cpp">
      <Filter>Source files</Filter>
    </ClCompile>
  </ItemGroup>
  <ItemGroup>
    <ClInclude Include="Debug.h">
      <Filter>Header files</Filter>
    </ClInclude>
    <ClInclude Include="Initializer.h">
      <Filter>Header files</Filter>
    </ClInclude>
    <ClInclude Include="Note.h">
      <Filter>Header files</Filter>
    </ClInclude>
    <ClInclude Include="Calender.h">
      <Filter>Header files</Filter>
    </ClInclude>
    <ClInclude Include="Day.h">
      <Filter>Header files</Filter>
    </ClInclude>
  </ItemGroup>
</Project>